PODS:
  - AFNetworking (3.2.1):
    - AFNetworking/NSURLSession (= 3.2.1)
    - AFNetworking/Reachability (= 3.2.1)
    - AFNetworking/Security (= 3.2.1)
    - AFNetworking/Serialization (= 3.2.1)
    - AFNetworking/UIKit (= 3.2.1)
  - AFNetworking/NSURLSession (3.2.1):
    - AFNetworking/Reachability
    - AFNetworking/Security
    - AFNetworking/Serialization
  - AFNetworking/Reachability (3.2.1)
  - AFNetworking/Security (3.2.1)
  - AFNetworking/Serialization (3.2.1)
  - AFNetworking/UIKit (3.2.1):
    - AFNetworking/NSURLSession
  - FLAnimatedImage (1.0.12)
  - Masonry (1.1.0)
  - MJExtension (3.0.15.1)
  - MJRefresh (3.1.15.6)
  - ObjectMapper (3.4.2)
  - SDWebImage (4.4.2):
    - SDWebImage/Core (= 4.4.2)
  - SDWebImage/Core (4.4.2)
  - SDWebImage/GIF (4.4.2):
    - FLAnimatedImage (~> 1.0)
    - SDWebImage/Core
  - SnapKit (4.2.0)
  - UMCCommon (1.5.2)
  - UMCCommonLog (1.0.0)
  - UMCSecurityPlugins (1.0.6)
  - UMCShare/Core (6.9.4):
    - UMCCommon
  - UMCShare/Social/QQ (6.9.4):
    - UMCCommon
    - UMCShare/Core
    - UMCShare/Social/ReducedQQ
  - UMCShare/Social/ReducedQQ (6.9.4):
    - UMCCommon
    - UMCShare/Core
  - UMCShare/Social/ReducedSina (6.9.4):
    - UMCCommon
    - UMCShare/Core
  - UMCShare/Social/ReducedWeChat (6.9.4):
    - UMCCommon
    - UMCShare/Core
  - UMCShare/Social/Sina (6.9.4):
    - UMCCommon
    - UMCShare/Core
    - UMCShare/Social/ReducedSina
  - UMCShare/Social/WeChat (6.9.4):
    - UMCCommon
    - UMCShare/Core
    - UMCShare/Social/ReducedWeChat
  - YYModel (1.0.4)
  - YYText (1.0.7)

DEPENDENCIES:
  - AFNetworking
  - Masonry
  - MJExtension
  - MJRefresh
  - ObjectMapper (~> 3.4)
  - SDWebImage
  - SDWebImage/GIF
  - SnapKit
  - UMCCommon
  - UMCCommonLog
  - UMCSecurityPlugins
  - UMCShare/Social/QQ
  - UMCShare/Social/Sina
  - UMCShare/Social/WeChat
  - YYModel
  - YYText

SPEC REPOS:
  https://github.com/CocoaPods/Specs.git:
    - AFNetworking
    - FLAnimatedImage
    - Masonry
    - MJExtension
    - MJRefresh
    - ObjectMapper
    - SDWebImage
    - SnapKit
    - UMCCommon
    - UMCCommonLog
    - UMCSecurityPlugins
    - UMCShare
    - YYModel
    - YYText

SPEC CHECKSUMS:
  AFNetworking: b6f891fdfaed196b46c7a83cf209e09697b94057
  FLAnimatedImage: 4a0b56255d9b05f18b6dd7ee06871be5d3b89e31
  Masonry: 678fab65091a9290e40e2832a55e7ab731aad201
  MJExtension: 19bc33ce2eee2d319760f5622562cf581a6ff756
  MJRefresh: 0efa19656679d70a0f47cbe76e56c2271fe53a97
  ObjectMapper: 0d4402610f4e468903ae64629eec4784531e5c51
  SDWebImage: 624d6e296c69b244bcede364c72ae0430ac14681
  SnapKit: fe8a619752f3f27075cc9a90244d75c6c3f27e2a
  UMCCommon: 4392868ac47ff1b101663106bb114ba616fabbad
  UMCCommonLog: 05a2d5de21858e3d870551562cff405c1366d244
  UMCSecurityPlugins: 0831a08f3988f3cea9f1d3a7626cd9bee4fef150
  UMCShare: aa233aecad67979930fe43f3a2f676023b669439
  YYModel: 2a7fdd96aaa4b86a824e26d0c517de8928c04b30
  YYText: 5c461d709e24d55a182d1441c41dc639a18a4849

PODFILE CHECKSUM: 4d5ec58a9e4d9f875139e75a9165d35264761384

COCOAPODS: 1.9.1
